
Microsoft Visual Studio Solution File, Format Version 12.00
# Visual Studio 2012
Project("{FAE04EC0-301F-11D3-BF4B-00C04F79EFBC}") = "DiskReport", "DiskReport\DiskReport.csproj", "{2D0B9753-2754-46C4-8B37-85119FFA1D3B}"
EndProject
Global
	GlobalSection(SolutionConfigurationPlatforms) = preSolution
		Debug|Any CPU = Debug|Any CPU
		Release|Any CPU = Release|Any CPU
	EndGlobalSection
	GlobalSection(ProjectConfigurationPlatforms) = postSolution
		{2D0B9753-2754-46C4-8B37-85119FFA1D3B}.Debug|Any CPU.ActiveCfg = Debug|Any CPU
		{2D0B9753-2754-46C4-8B37-85119FFA1D3B}.Debug|Any CPU.Build.0 = Debug|Any CPU
		{2D0B9753-2754-46C4-8B37-85119FFA1D3B}.Release|Any CPU.ActiveCfg = Release|Any CPU
		{2D0B9753-2754-46C4-8B37-85119FFA1D3B}.Release|Any CPU.Build.0 = Release|Any CPU
	EndGlobalSection
	GlobalSection(MonoDevelopProperties) = preSolution
		Policies = $0
		$0.VersionControlPolicy = $1
		$1.inheritsSet = Mono
		version = 1.0
	EndGlobalSection
EndGlobal
